
Microsoft Visual Studio Solution File, Format Version 12.00
# Visual Studio Version 17
VisualStudioVersion = 17.13.35919.96
MinimumVisualStudioVersion = 10.0.40219.1
Project("{FAE04EC0-301F-11D3-BF4B-00C04F79EFBC}") = "Traffic Rider", "Traffic Rider\Traffic Rider.csproj", "{79461EB6-5250-4806-B14E-ABCECE42DD3A}"
EndProject
Global
	GlobalSection(SolutionConfigurationPlatforms) = preSolution
		Debug|Any CPU = Debug|Any CPU
		Release|Any CPU = Release|Any CPU
	EndGlobalSection
	GlobalSection(ProjectConfigurationPlatforms) = postSolution
		{79461EB6-5250-4806-B14E-ABCECE42DD3A}.Debug|Any CPU.ActiveCfg = Debug|Any CPU
		{79461EB6-5250-4806-B14E-ABCECE42DD3A}.Debug|Any CPU.Build.0 = Debug|Any CPU
		{79461EB6-5250-4806-B14E-ABCECE42DD3A}.Release|Any CPU.ActiveCfg = Release|Any CPU
		{79461EB6-5250-4806-B14E-ABCECE42DD3A}.Release|Any CPU.Build.0 = Release|Any CPU
	EndGlobalSection
	GlobalSection(SolutionProperties) = preSolution
		HideSolutionNode = FALSE
	EndGlobalSection
	GlobalSection(ExtensibilityGlobals) = postSolution
		SolutionGuid = {65757992-CAD6-41C5-873C-85C4DF220A2C}
	EndGlobalSection
EndGlobal
